
Microsoft Visual Studio Solution File, Format Version 12.00
# Visual Studio Version 17
VisualStudioVersion = 17.5.33627.172
MinimumVisualStudioVersion = 10.0.40219.1
Project("{FAE04EC0-301F-11D3-BF4B-00C04F79EFBC}") = "Klijent", "Klijent\Klijent.csproj", "{C18A3064-41CD-4F7B-AA98-2650D71C257A}"
EndProject
Project("{FAE04EC0-301F-11D3-BF4B-00C04F79EFBC}") = "Server", "Server\Server.csproj", "{BB987C96-897D-4273-8517-96E661DF3D92}"
EndProject
Project("{FAE04EC0-301F-11D3-BF4B-00C04F79EFBC}") = "Common", "Common\Common.csproj", "{91FCCC5C-49D7-4432-A7AA-FC55E08A97AF}"
EndProject
Project("{FAE04EC0-301F-11D3-BF4B-00C04F79EFBC}") = "XmlBazaPodataka", "XmlBazaPodataka\XmlBazaPodataka.csproj", "{5644DE2E-DDDA-427A-94E4-818FFA2ADE34}"
EndProject
Global
	GlobalSection(SolutionConfigurationPlatforms) = preSolution
		Debug|Any CPU = Debug|Any CPU
		Release|Any CPU = Release|Any CPU
	EndGlobalSection
	GlobalSection(ProjectConfigurationPlatforms) = postSolution
		{C18A3064-41CD-4F7B-AA98-2650D71C257A}.Debug|Any CPU.ActiveCfg = Debug|Any CPU
		{C18A3064-41CD-4F7B-AA98-2650D71C257A}.Debug|Any CPU.Build.0 = Debug|Any CPU
		{C18A3064-41CD-4F7B-AA98-2650D71C257A}.Release|Any CPU.ActiveCfg = Release|Any CPU
		{C18A3064-41CD-4F7B-AA98-2650D71C257A}.Release|Any CPU.Build.0 = Release|Any CPU
		{BB987C96-897D-4273-8517-96E661DF3D92}.Debug|Any CPU.ActiveCfg = Debug|Any CPU
		{BB987C96-897D-4273-8517-96E661DF3D92}.Debug|Any CPU.Build.0 = Debug|Any CPU
		{BB987C96-897D-4273-8517-96E661DF3D92}.Release|Any CPU.ActiveCfg = Release|Any CPU
		{BB987C96-897D-4273-8517-96E661DF3D92}.Release|Any CPU.Build.0 = Release|Any CPU
		{91FCCC5C-49D7-4432-A7AA-FC55E08A97AF}.Debug|Any CPU.ActiveCfg = Debug|Any CPU
		{91FCCC5C-49D7-4432-A7AA-FC55E08A97AF}.Debug|Any CPU.Build.0 = Debug|Any CPU
		{91FCCC5C-49D7-4432-A7AA-FC55E08A97AF}.Release|Any CPU.ActiveCfg = Release|Any CPU
		{91FCCC5C-49D7-4432-A7AA-FC55E08A97AF}.Release|Any CPU.Build.0 = Release|Any CPU
		{5644DE2E-DDDA-427A-94E4-818FFA2ADE34}.Debug|Any CPU.ActiveCfg = Debug|Any CPU
		{5644DE2E-DDDA-427A-94E4-818FFA2ADE34}.Debug|Any CPU.Build.0 = Debug|Any CPU
		{5644DE2E-DDDA-427A-94E4-818FFA2ADE34}.Release|Any CPU.ActiveCfg = Release|Any CPU
		{5644DE2E-DDDA-427A-94E4-818FFA2ADE34}.Release|Any CPU.Build.0 = Release|Any CPU
	EndGlobalSection
	GlobalSection(SolutionProperties) = preSolution
		HideSolutionNode = FALSE
	EndGlobalSection
	GlobalSection(ExtensibilityGlobals) = postSolution
		SolutionGuid = {ADD691C9-7EBD-4F21-A0A1-0926455B8538}
	EndGlobalSection
EndGlobal
